
Microsoft Visual Studio Solution File, Format Version 12.00
# Visual Studio Version 16
VisualStudioVersion = 16.0.31410.357
MinimumVisualStudioVersion = 10.0.40219.1
Project("{FAE04EC0-301F-11D3-BF4B-00C04F79EFBC}") = "geyserInterfaceScript", "geyserInterfaceScript.csproj", "{B4805CBC-37A8-4BFF-BE2B-D8D8D84288B1}"
EndProject
Project("{FAE04EC0-301F-11D3-BF4B-00C04F79EFBC}") = "geyserTestStationAPI", "..\..\geyserTestStationAPI\geyserTestStationAPI.csproj", "{EFD6659F-7DE9-4286-9352-0E17F94214F2}"
EndProject
Global
	GlobalSection(SolutionConfigurationPlatforms) = preSolution
		Debug|Any CPU = Debug|Any CPU
		Release|Any CPU = Release|Any CPU
	EndGlobalSection
	GlobalSection(ProjectConfigurationPlatforms) = postSolution
		{B4805CBC-37A8-4BFF-BE2B-D8D8D84288B1}.Debug|Any CPU.ActiveCfg = Debug|Any CPU
		{B4805CBC-37A8-4BFF-BE2B-D8D8D84288B1}.Debug|Any CPU.Build.0 = Debug|Any CPU
		{B4805CBC-37A8-4BFF-BE2B-D8D8D84288B1}.Release|Any CPU.ActiveCfg = Release|Any CPU
		{B4805CBC-37A8-4BFF-BE2B-D8D8D84288B1}.Release|Any CPU.Build.0 = Release|Any CPU
		{EFD6659F-7DE9-4286-9352-0E17F94214F2}.Debug|Any CPU.ActiveCfg = Debug|Any CPU
		{EFD6659F-7DE9-4286-9352-0E17F94214F2}.Debug|Any CPU.Build.0 = Debug|Any CPU
		{EFD6659F-7DE9-4286-9352-0E17F94214F2}.Release|Any CPU.ActiveCfg = Release|Any CPU
		{EFD6659F-7DE9-4286-9352-0E17F94214F2}.Release|Any CPU.Build.0 = Release|Any CPU
	EndGlobalSection
	GlobalSection(SolutionProperties) = preSolution
		HideSolutionNode = FALSE
	EndGlobalSection
	GlobalSection(ExtensibilityGlobals) = postSolution
		SolutionGuid = {AD56B88A-0EDF-4EAE-A981-A290AA5235D0}
	EndGlobalSection
EndGlobal
