
Microsoft Visual Studio Solution File, Format Version 12.00
# Visual Studio Version 16
VisualStudioVersion = 16.0.31410.357
MinimumVisualStudioVersion = 10.0.40219.1
Project("{FAE04EC0-301F-11D3-BF4B-00C04F79EFBC}") = "geyserTestStationAPI", "geyserTestStationAPI.csproj", "{EFD6659F-7DE9-4286-9352-0E17F94214F2}"
EndProject
Global
	GlobalSection(SolutionConfigurationPlatforms) = preSolution
		Debug|Any CPU = Debug|Any CPU
		Release|Any CPU = Release|Any CPU
	EndGlobalSection
	GlobalSection(ProjectConfigurationPlatforms) = postSolution
		{EFD6659F-7DE9-4286-9352-0E17F94214F2}.Debug|Any CPU.ActiveCfg = Debug|Any CPU
		{EFD6659F-7DE9-4286-9352-0E17F94214F2}.Debug|Any CPU.Build.0 = Debug|Any CPU
		{EFD6659F-7DE9-4286-9352-0E17F94214F2}.Release|Any CPU.ActiveCfg = Release|Any CPU
		{EFD6659F-7DE9-4286-9352-0E17F94214F2}.Release|Any CPU.Build.0 = Release|Any CPU
	EndGlobalSection
	GlobalSection(SolutionProperties) = preSolution
		HideSolutionNode = FALSE
	EndGlobalSection
	GlobalSection(ExtensibilityGlobals) = postSolution
		SolutionGuid = {B7E439F3-4BCA-43F8-89B1-7F51B743F4C7}
	EndGlobalSection
EndGlobal
